
Microsoft Visual Studio Solution File, Format Version 12.00
# Visual Studio Version 16
VisualStudioVersion = 16.0.30204.135
MinimumVisualStudioVersion = 10.0.40219.1
Project("{FAE04EC0-301F-11D3-BF4B-00C04F79EFBC}") = "car racing game", "car racing game.csproj", "{20CCCE23-D602-4985-A436-DF87CAD9B985}"
EndProject
Global
	GlobalSection(SolutionConfigurationPlatforms) = preSolution
		Debug|Any CPU = Debug|Any CPU
		Release|Any CPU = Release|Any CPU
	EndGlobalSection
	GlobalSection(ProjectConfigurationPlatforms) = postSolution
		{20CCCE23-D602-4985-A436-DF87CAD9B985}.Debug|Any CPU.ActiveCfg = Debug|Any CPU
		{20CCCE23-D602-4985-A436-DF87CAD9B985}.Debug|Any CPU.Build.0 = Debug|Any CPU
		{20CCCE23-D602-4985-A436-DF87CAD9B985}.Release|Any CPU.ActiveCfg = Release|Any CPU
		{20CCCE23-D602-4985-A436-DF87CAD9B985}.Release|Any CPU.Build.0 = Release|Any CPU
	EndGlobalSection
	GlobalSection(SolutionProperties) = preSolution
		HideSolutionNode = FALSE
	EndGlobalSection
	GlobalSection(ExtensibilityGlobals) = postSolution
		SolutionGuid = {EA94F553-0E81-4B02-840C-C5C886006B68}
	EndGlobalSection
EndGlobal
